
Microsoft Visual Studio Solution File, Format Version 12.00
# Visual Studio Version 17
VisualStudioVersion = 17.2.32516.85
MinimumVisualStudioVersion = 10.0.40219.1
Project("{FAE04EC0-301F-11D3-BF4B-00C04F79EFBC}") = "Modul16.Home", "Modul16.Home\Modul16.Home.csproj", "{574D97A8-3C29-4340-AFAF-F11FF32F1F42}"
EndProject
Global
	GlobalSection(SolutionConfigurationPlatforms) = preSolution
		Debug|Any CPU = Debug|Any CPU
		Release|Any CPU = Release|Any CPU
	EndGlobalSection
	GlobalSection(ProjectConfigurationPlatforms) = postSolution
		{574D97A8-3C29-4340-AFAF-F11FF32F1F42}.Debug|Any CPU.ActiveCfg = Debug|Any CPU
		{574D97A8-3C29-4340-AFAF-F11FF32F1F42}.Debug|Any CPU.Build.0 = Debug|Any CPU
		{574D97A8-3C29-4340-AFAF-F11FF32F1F42}.Release|Any CPU.ActiveCfg = Release|Any CPU
		{574D97A8-3C29-4340-AFAF-F11FF32F1F42}.Release|Any CPU.Build.0 = Release|Any CPU
	EndGlobalSection
	GlobalSection(SolutionProperties) = preSolution
		HideSolutionNode = FALSE
	EndGlobalSection
	GlobalSection(ExtensibilityGlobals) = postSolution
		SolutionGuid = {207D3C1D-0E49-406F-98CE-2C065DD12CBE}
	EndGlobalSection
EndGlobal
